
Microsoft Visual Studio Solution File, Format Version 12.00
# Visual Studio Version 16
VisualStudioVersion = 16.0.32126.315
MinimumVisualStudioVersion = 10.0.40219.1
Project("{9A19103F-16F7-4668-BE54-9A1E7A4F7556}") = "API", "API\API.csproj", "{6225BC36-0B46-4887-98A6-009879E6DCB2}"
EndProject
Project("{FAE04EC0-301F-11D3-BF4B-00C04F79EFBC}") = "EncommerceMongoDB.core", "EncommerceMongoDB.core\EncommerceMongoDB.core.csproj", "{422FA684-A0DA-4228-8BED-498E0DDBCAAB}"
EndProject
Global
	GlobalSection(SolutionConfigurationPlatforms) = preSolution
		Debug|Any CPU = Debug|Any CPU
		Release|Any CPU = Release|Any CPU
	EndGlobalSection
	GlobalSection(ProjectConfigurationPlatforms) = postSolution
		{6225BC36-0B46-4887-98A6-009879E6DCB2}.Debug|Any CPU.ActiveCfg = Debug|Any CPU
		{6225BC36-0B46-4887-98A6-009879E6DCB2}.Debug|Any CPU.Build.0 = Debug|Any CPU
		{6225BC36-0B46-4887-98A6-009879E6DCB2}.Release|Any CPU.ActiveCfg = Release|Any CPU
		{6225BC36-0B46-4887-98A6-009879E6DCB2}.Release|Any CPU.Build.0 = Release|Any CPU
		{422FA684-A0DA-4228-8BED-498E0DDBCAAB}.Debug|Any CPU.ActiveCfg = Debug|Any CPU
		{422FA684-A0DA-4228-8BED-498E0DDBCAAB}.Debug|Any CPU.Build.0 = Debug|Any CPU
		{422FA684-A0DA-4228-8BED-498E0DDBCAAB}.Release|Any CPU.ActiveCfg = Release|Any CPU
		{422FA684-A0DA-4228-8BED-498E0DDBCAAB}.Release|Any CPU.Build.0 = Release|Any CPU
	EndGlobalSection
	GlobalSection(SolutionProperties) = preSolution
		HideSolutionNode = FALSE
	EndGlobalSection
	GlobalSection(ExtensibilityGlobals) = postSolution
		SolutionGuid = {91FC0981-43E7-4742-94AB-242B577FCF2B}
	EndGlobalSection
EndGlobal
